<?xml version="1.0" encoding="utf-8"?>
<Project ToolsVersion="4.0" xmlns="http://schemas.microsoft.com/developer/msbuild/2003">
  <ItemGroup>
    <Filter Include="Source Files">
      <UniqueIdentifier>{4FC737F1-C7A5-4376-A066-2A32D752A2FF}</UniqueIdentifier>
      <Extensions>cpp;c;cc;cxx;def;odl;idl;hpj;bat;asm;asmx</Extensions>
    </Filter>
    <Filter Include="Header Files">
      <UniqueIdentifier>{93995380-89BD-4b04-88EB-625FBE52EBFB}</UniqueIdentifier>
      <Extensions>h;hpp;hxx;hm;inl;inc;xsd</Extensions>
    </Filter>
    <Filter Include="Resource Files">
      <UniqueIdentifier>{67DA6AB6-F800-4c08-8B7A-83BB121AAD01}</UniqueIdentifier>
      <Extensions>rc;ico;cur;bmp;dlg;rc2;rct;bin;rgs;gif;jpg;jpeg;jpe;resx;tiff;tif;png;wav</Extensions>
    </Filter>
  </ItemGroup>
  <ItemGroup>
    <ClCompile Include="src\BaseApplication.cpp">
      <Filter>Source Files</Filter>
    </ClCompile>
    <ClCompile Include="src\LifeLike.cpp">
      <Filter>Source Files</Filter>
    </ClCompile>
    <ClCompile Include="src\LLActivityBase.cpp">
      <Filter>Source Files</Filter>
    </ClCompile>
    <ClCompile Include="src\LLActivityManager.cpp">
      <Filter>Source Files</Filter>
    </ClCompile>
    <ClCompile Include="src\LLAniManager.cpp">
      <Filter>Source Files</Filter>
    </ClCompile>
    <ClCompile Include="src\LLAnimation.cpp">
      <Filter>Source Files</Filter>
    </ClCompile>
    <ClCompile Include="src\LLAnimationBlender.cpp">
      <Filter>Source Files</Filter>
    </ClCompile>
    <ClCompile Include="src\LLAnimationEntity.cpp">
      <Filter>Source Files</Filter>
    </ClCompile>
    <ClCompile Include="src\LLAudioMonitor.cpp">
      <Filter>Source Files</Filter>
    </ClCompile>
    <ClCompile Include="src\LLCharacter.cpp">
      <Filter>Source Files</Filter>
    </ClCompile>
    <ClCompile Include="src\LLEntity.cpp">
      <Filter>Source Files</Filter>
    </ClCompile>
    <ClCompile Include="src\LLFFTSound.cpp">
      <Filter>Source Files</Filter>
    </ClCompile>
    <ClCompile Include="src\LLFSM.cpp">
      <Filter>Source Files</Filter>
    </ClCompile>
    <ClCompile Include="src\LLFSMState.cpp">
      <Filter>Source Files</Filter>
    </ClCompile>
    <ClCompile Include="src\LLGUIManager.cpp">
      <Filter>Source Files</Filter>
    </ClCompile>
    <ClCompile Include="src\LLItem.cpp">
      <Filter>Source Files</Filter>
    </ClCompile>
    <ClCompile Include="src\LLMicMonitor.cpp">
      <Filter>Source Files</Filter>
    </ClCompile>
    <ClCompile Include="src\LLSceneManager.cpp">
      <Filter>Source Files</Filter>
    </ClCompile>
    <ClCompile Include="src\LLScreenLog.cpp">
      <Filter>Source Files</Filter>
    </ClCompile>
    <ClCompile Include="src\LLSound.cpp">
      <Filter>Source Files</Filter>
    </ClCompile>
    <ClCompile Include="src\LLSoundManager.cpp">
      <Filter>Source Files</Filter>
    </ClCompile>
    <ClCompile Include="src\LLSpeechRecognizer.cpp">
      <Filter>Source Files</Filter>
    </ClCompile>
    <ClCompile Include="src\LLUnicodeUtil.cpp">
      <Filter>Source Files</Filter>
    </ClCompile>
    <ClCompile Include="src\LLdefine.cpp">
      <Filter>Source Files</Filter>
    </ClCompile>
    <ClCompile Include="src\LLNavigator.cpp">
      <Filter>Source Files</Filter>
    </ClCompile>
    <ClCompile Include="src\LLFACSDB.cpp">
      <Filter>Source Files</Filter>
    </ClCompile>
    <ClCompile Include="src\LLEmotionProcessor.cpp">
      <Filter>Source Files</Filter>
    </ClCompile>
    <ClCompile Include="src\LLAffectAnalyzer.cpp">
      <Filter>Source Files</Filter>
    </ClCompile>
    <ClCompile Include="src\LLStanfordParser.cpp">
      <Filter>Source Files</Filter>
    </ClCompile>
    <ClCompile Include="src\tinyxml2.cpp">
      <Filter>Source Files</Filter>
    </ClCompile>
    <ClCompile Include="src\LLHeadController.cpp">
      <Filter>Source Files</Filter>
    </ClCompile>
    <ClCompile Include="src\LLNVBEngine.cpp">
      <Filter>Source Files</Filter>
    </ClCompile>
    <ClCompile Include="src\LLWordNetAffect.cpp">
      <Filter>Source Files</Filter>
    </ClCompile>
    <ClCompile Include="src\LLSpeechAffectAnalyzer.cpp">
      <Filter>Source Files</Filter>
    </ClCompile>
    <ClCompile Include="src\LLCRFTagger.cpp">
      <Filter>Source Files</Filter>
    </ClCompile>
    <ClCompile Include="src\LLEyeController.cpp">
      <Filter>Source Files</Filter>
    </ClCompile>
  </ItemGroup>
  <ItemGroup>
    <ClInclude Include="include\BaseApplication.h">
      <Filter>Header Files</Filter>
    </ClInclude>
    <ClInclude Include="include\LifeLike.h">
      <Filter>Header Files</Filter>
    </ClInclude>
    <ClInclude Include="include\LLActivityBase.h">
      <Filter>Header Files</Filter>
    </ClInclude>
    <ClInclude Include="include\LLActivityManager.h">
      <Filter>Header Files</Filter>
    </ClInclude>
    <ClInclude Include="include\LLAniManager.h">
      <Filter>Header Files</Filter>
    </ClInclude>
    <ClInclude Include="include\LLAnimation.h">
      <Filter>Header Files</Filter>
    </ClInclude>
    <ClInclude Include="include\LLAnimationBlender.h">
      <Filter>Header Files</Filter>
    </ClInclude>
    <ClInclude Include="include\LLAnimationEntity.h">
      <Filter>Header Files</Filter>
    </ClInclude>
    <ClInclude Include="include\LLAudioMonitor.h">
      <Filter>Header Files</Filter>
    </ClInclude>
    <ClInclude Include="include\LLCallBack.h">
      <Filter>Header Files</Filter>
    </ClInclude>
    <ClInclude Include="include\LLCharacter.h">
      <Filter>Header Files</Filter>
    </ClInclude>
    <ClInclude Include="include\LLdefine.h">
      <Filter>Header Files</Filter>
    </ClInclude>
    <ClInclude Include="include\LLEntity.h">
      <Filter>Header Files</Filter>
    </ClInclude>
    <ClInclude Include="include\LLFFTSound.h">
      <Filter>Header Files</Filter>
    </ClInclude>
    <ClInclude Include="include\LLFSM.h">
      <Filter>Header Files</Filter>
    </ClInclude>
    <ClInclude Include="include\LLFSMState.h">
      <Filter>Header Files</Filter>
    </ClInclude>
    <ClInclude Include="include\LLGUIManager.h">
      <Filter>Header Files</Filter>
    </ClInclude>
    <ClInclude Include="include\LLItem.h">
      <Filter>Header Files</Filter>
    </ClInclude>
    <ClInclude Include="include\LLMicMonitor.h">
      <Filter>Header Files</Filter>
    </ClInclude>
    <ClInclude Include="include\LLSceneManager.h">
      <Filter>Header Files</Filter>
    </ClInclude>
    <ClInclude Include="include\LLScreenLog.h">
      <Filter>Header Files</Filter>
    </ClInclude>
    <ClInclude Include="include\LLSound.h">
      <Filter>Header Files</Filter>
    </ClInclude>
    <ClInclude Include="include\LLSoundManager.h">
      <Filter>Header Files</Filter>
    </ClInclude>
    <ClInclude Include="include\LLSpeechRecognizer.h">
      <Filter>Header Files</Filter>
    </ClInclude>
    <ClInclude Include="include\LLUnicodeUtil.h">
      <Filter>Header Files</Filter>
    </ClInclude>
    <ClInclude Include="res\Resource.h">
      <Filter>Header Files</Filter>
    </ClInclude>
    <ClInclude Include="include\LLNavigator.h">
      <Filter>Header Files</Filter>
    </ClInclude>
    <ClInclude Include="include\LLFACSDB.h">
      <Filter>Header Files</Filter>
    </ClInclude>
    <ClInclude Include="include\LLEmotionProcessor.h">
      <Filter>Header Files</Filter>
    </ClInclude>
    <ClInclude Include="include\LLAffectAnalyzer.h">
      <Filter>Header Files</Filter>
    </ClInclude>
    <ClInclude Include="include\LLStanfordParser.h">
      <Filter>Header Files</Filter>
    </ClInclude>
    <ClInclude Include="include\tinyxml2.h">
      <Filter>Header Files</Filter>
    </ClInclude>
    <ClInclude Include="include\LLHeadController.h">
      <Filter>Header Files</Filter>
    </ClInclude>
    <ClInclude Include="include\LLNVBEngine.h">
      <Filter>Header Files</Filter>
    </ClInclude>
    <ClInclude Include="include\LLWordNetAffect.h">
      <Filter>Header Files</Filter>
    </ClInclude>
    <ClInclude Include="include\LLSpeechAffectAnalyzer.h">
      <Filter>Header Files</Filter>
    </ClInclude>
    <ClInclude Include="include\LLCRFTagger.h">
      <Filter>Header Files</Filter>
    </ClInclude>
    <ClInclude Include="include\LLEyeController.h">
      <Filter>Header Files</Filter>
    </ClInclude>
  </ItemGroup>
  <ItemGroup>
    <None Include="res\LifeLike.ico">
      <Filter>Resource Files</Filter>
    </None>
    <None Include="res\LifeLike_Scene.xml">
      <Filter>Resource Files</Filter>
    </None>
    <None Include="docs\README.txt" />
    <None Include="docs\Shpes_Note.txt" />
    <None Include="res\win\LifeLike.cfg">
      <Filter>Resource Files</Filter>
    </None>
  </ItemGroup>
  <ItemGroup>
    <ResourceCompile Include="res\LifeLike.rc">
      <Filter>Resource Files</Filter>
    </ResourceCompile>
  </ItemGroup>
</Project>